// !$*UTF8*$!
{
	archiveVersion = 1;
	classes = {
	};
	objectVersion = 46;
	objects = {

/* Begin PBXBuildFile section */
		7FFA0C5F6D8ED6E94590F0AD /* libPods.a in Frameworks */ = {isa = PBXBuildFile; fileRef = E47DB16860D8EC79F86AB5DC /* libPods.a */; };
		EBAFA1F31C4EECBB007E59F9 /* main.m in Sources */ = {isa = PBXBuildFile; fileRef = EBAFA1F21C4EECBB007E59F9 /* main.m */; };
		EBAFA1F61C4EECBB007E59F9 /* AppDelegate.m in Sources */ = {isa = PBXBuildFile; fileRef = EBAFA1F51C4EECBB007E59F9 /* AppDelegate.m */; };
		EBAFA1FC1C4EECBB007E59F9 /* Main.storyboard in Resources */ = {isa = PBXBuildFile; fileRef = EBAFA1FA1C4EECBB007E59F9 /* Main.storyboard */; };
		EBAFA1FE1C4EECBB007E59F9 /* Assets.xcassets in Resources */ = {isa = PBXBuildFile; fileRef = EBAFA1FD1C4EECBB007E59F9 /* Assets.xcassets */; };
		EBAFA2011C4EECBB007E59F9 /* LaunchScreen.storyboard in Resources */ = {isa = PBXBuildFile; fileRef = EBAFA1FF1C4EECBB007E59F9 /* LaunchScreen.storyboard */; };
		EBAFA20C1C4EECBB007E59F9 /* PartySharkTests.m in Sources */ = {isa = PBXBuildFile; fileRef = EBAFA20B1C4EECBB007E59F9 /* PartySharkTests.m */; };
		EBAFA2171C4EECBB007E59F9 /* PartySharkUITests.m in Sources */ = {isa = PBXBuildFile; fileRef = EBAFA2161C4EECBB007E59F9 /* PartySharkUITests.m */; };
		EBAFA22C1C5305F5007E59F9 /* NavigationManager.m in Sources */ = {isa = PBXBuildFile; fileRef = EBAFA22B1C5305F5007E59F9 /* NavigationManager.m */; };
		EBAFA2331C530AC1007E59F9 /* SettingsViewController.m in Sources */ = {isa = PBXBuildFile; fileRef = EBAFA2321C530AC1007E59F9 /* SettingsViewController.m */; };
		EBAFA2371C530F12007E59F9 /* BaseViewController.m in Sources */ = {isa = PBXBuildFile; fileRef = EBAFA2361C530F12007E59F9 /* BaseViewController.m */; };
		EBAFA23B1C53109F007E59F9 /* MainViewController.m in Sources */ = {isa = PBXBuildFile; fileRef = EBAFA23A1C53109F007E59F9 /* MainViewController.m */; };
		EBAFA23E1C531136007E59F9 /* MainMenuViewController.m in Sources */ = {isa = PBXBuildFile; fileRef = EBAFA23D1C531136007E59F9 /* MainMenuViewController.m */; };
		EBAFA2421C532893007E59F9 /* ConfigManager.m in Sources */ = {isa = PBXBuildFile; fileRef = EBAFA2411C532893007E59F9 /* ConfigManager.m */; };
		EBAFA2481C584AD8007E59F9 /* WalkThroughViewController.m in Sources */ = {isa = PBXBuildFile; fileRef = EBAFA2471C584AD8007E59F9 /* WalkThroughViewController.m */; };
		EBAFA24B1C584BA8007E59F9 /* SystemStatics.m in Sources */ = {isa = PBXBuildFile; fileRef = EBAFA24A1C584BA8007E59F9 /* SystemStatics.m */; };
		EBAFA24D1C585D06007E59F9 /* config.plist in Resources */ = {isa = PBXBuildFile; fileRef = EBAFA24C1C585D06007E59F9 /* config.plist */; };
/* End PBXBuildFile section */

/* Begin PBXContainerItemProxy section */
		EBAFA2081C4EECBB007E59F9 /* PBXContainerItemProxy */ = {
			isa = PBXContainerItemProxy;
			containerPortal = EBAFA1E61C4EECBB007E59F9 /* Project object */;
			proxyType = 1;
			remoteGlobalIDString = EBAFA1ED1C4EECBB007E59F9;
			remoteInfo = PartyShark;
		};
		EBAFA2131C4EECBB007E59F9 /* PBXContainerItemProxy */ = {
			isa = PBXContainerItemProxy;
			containerPortal = EBAFA1E61C4EECBB007E59F9 /* Project object */;
			proxyType = 1;
			remoteGlobalIDString = EBAFA1ED1C4EECBB007E59F9;
			remoteInfo = PartyShark;
		};
/* End PBXContainerItemProxy section */

/* Begin PBXFileReference section */
		25390650428D711C19ED73B3 /* Pods.debug.xcconfig */ = {isa = PBXFileReference; includeInIndex = 1; lastKnownFileType = text.xcconfig; name = Pods.debug.xcconfig; path = "Pods/Target Support Files/Pods/Pods.debug.xcconfig"; sourceTree = "<group>"; };
		3568ABD250035059969E3C90 /* Pods.release.xcconfig */ = {isa = PBXFileReference; includeInIndex = 1; lastKnownFileType = text.xcconfig; name = Pods.release.xcconfig; path = "Pods/Target Support Files/Pods/Pods.release.xcconfig"; sourceTree = "<group>"; };
		E47DB16860D8EC79F86AB5DC /* libPods.a */ = {isa = PBXFileReference; explicitFileType = archive.ar; includeInIndex = 0; path = libPods.a; sourceTree = BUILT_PRODUCTS_DIR; };
		EBAFA1EE1C4EECBB007E59F9 /* PartyShark.app */ = {isa = PBXFileReference; explicitFileType = wrapper.application; includeInIndex = 0; path = PartyShark.app; sourceTree = BUILT_PRODUCTS_DIR; };
		EBAFA1F21C4EECBB007E59F9 /* main.m */ = {isa = PBXFileReference; lastKnownFileType = sourcecode.c.objc; path = main.m; sourceTree = "<group>"; };
		EBAFA1F41C4EECBB007E59F9 /* AppDelegate.h */ = {isa = PBXFileReference; lastKnownFileType = sourcecode.c.h; path = AppDelegate.h; sourceTree = "<group>"; };
		EBAFA1F51C4EECBB007E59F9 /* AppDelegate.m */ = {isa = PBXFileReference; lastKnownFileType = sourcecode.c.objc; path = AppDelegate.m; sourceTree = "<group>"; };
		EBAFA1FB1C4EECBB007E59F9 /* Base */ = {isa = PBXFileReference; lastKnownFileType = file.storyboard; name = Base; path = Base.lproj/Main.storyboard; sourceTree = "<group>"; };
		EBAFA1FD1C4EECBB007E59F9 /* Assets.xcassets */ = {isa = PBXFileReference; lastKnownFileType = folder.assetcatalog; path = Assets.xcassets; sourceTree = "<group>"; };
		EBAFA2001C4EECBB007E59F9 /* Base */ = {isa = PBXFileReference; lastKnownFileType = file.storyboard; name = Base; path = Base.lproj/LaunchScreen.storyboard; sourceTree = "<group>"; };
		EBAFA2021C4EECBB007E59F9 /* Info.plist */ = {isa = PBXFileReference; lastKnownFileType = text.plist.xml; path = Info.plist; sourceTree = "<group>"; };
		EBAFA2071C4EECBB007E59F9 /* PartySharkTests.xctest */ = {isa = PBXFileReference; explicitFileType = wrapper.cfbundle; includeInIndex = 0; path = PartySharkTests.xctest; sourceTree = BUILT_PRODUCTS_DIR; };
		EBAFA20B1C4EECBB007E59F9 /* PartySharkTests.m */ = {isa = PBXFileReference; lastKnownFileType = sourcecode.c.objc; path = PartySharkTests.m; sourceTree = "<group>"; };
		EBAFA20D1C4EECBB007E59F9 /* Info.plist */ = {isa = PBXFileReference; lastKnownFileType = text.plist.xml; path = Info.plist; sourceTree = "<group>"; };
		EBAFA2121C4EECBB007E59F9 /* PartySharkUITests.xctest */ = {isa = PBXFileReference; explicitFileType = wrapper.cfbundle; includeInIndex = 0; path = PartySharkUITests.xctest; sourceTree = BUILT_PRODUCTS_DIR; };
		EBAFA2161C4EECBB007E59F9 /* PartySharkUITests.m */ = {isa = PBXFileReference; lastKnownFileType = sourcecode.c.objc; path = PartySharkUITests.m; sourceTree = "<group>"; };
		EBAFA2181C4EECBB007E59F9 /* Info.plist */ = {isa = PBXFileReference; lastKnownFileType = text.plist.xml; path = Info.plist; sourceTree = "<group>"; };
		EBAFA22A1C5305F5007E59F9 /* NavigationManager.h */ = {isa = PBXFileReference; fileEncoding = 4; lastKnownFileType = sourcecode.c.h; path = NavigationManager.h; sourceTree = "<group>"; };
		EBAFA22B1C5305F5007E59F9 /* NavigationManager.m */ = {isa = PBXFileReference; fileEncoding = 4; lastKnownFileType = sourcecode.c.objc; path = NavigationManager.m; sourceTree = "<group>"; };
		EBAFA2311C530AC1007E59F9 /* SettingsViewController.h */ = {isa = PBXFileReference; fileEncoding = 4; lastKnownFileType = sourcecode.c.h; path = SettingsViewController.h; sourceTree = "<group>"; };
		EBAFA2321C530AC1007E59F9 /* SettingsViewController.m */ = {isa = PBXFileReference; fileEncoding = 4; lastKnownFileType = sourcecode.c.objc; path = SettingsViewController.m; sourceTree = "<group>"; };
		EBAFA2351C530F12007E59F9 /* BaseViewController.h */ = {isa = PBXFileReference; fileEncoding = 4; lastKnownFileType = sourcecode.c.h; path = BaseViewController.h; sourceTree = "<group>"; };
		EBAFA2361C530F12007E59F9 /* BaseViewController.m */ = {isa = PBXFileReference; fileEncoding = 4; lastKnownFileType = sourcecode.c.objc; path = BaseViewController.m; sourceTree = "<group>"; };
		EBAFA2391C53109F007E59F9 /* MainViewController.h */ = {isa = PBXFileReference; fileEncoding = 4; lastKnownFileType = sourcecode.c.h; path = MainViewController.h; sourceTree = "<group>"; };
		EBAFA23A1C53109F007E59F9 /* MainViewController.m */ = {isa = PBXFileReference; fileEncoding = 4; lastKnownFileType = sourcecode.c.objc; path = MainViewController.m; sourceTree = "<group>"; };
		EBAFA23C1C531136007E59F9 /* MainMenuViewController.h */ = {isa = PBXFileReference; fileEncoding = 4; lastKnownFileType = sourcecode.c.h; path = MainMenuViewController.h; sourceTree = "<group>"; };
		EBAFA23D1C531136007E59F9 /* MainMenuViewController.m */ = {isa = PBXFileReference; fileEncoding = 4; lastKnownFileType = sourcecode.c.objc; path = MainMenuViewController.m; sourceTree = "<group>"; };
		EBAFA2401C532893007E59F9 /* ConfigManager.h */ = {isa = PBXFileReference; fileEncoding = 4; lastKnownFileType = sourcecode.c.h; path = ConfigManager.h; sourceTree = "<group>"; };
		EBAFA2411C532893007E59F9 /* ConfigManager.m */ = {isa = PBXFileReference; fileEncoding = 4; lastKnownFileType = sourcecode.c.objc; path = ConfigManager.m; sourceTree = "<group>"; };
		EBAFA2441C532BA3007E59F9 /* NavigationStatics.h */ = {isa = PBXFileReference; lastKnownFileType = sourcecode.c.h; path = NavigationStatics.h; sourceTree = "<group>"; };
		EBAFA2461C584AD8007E59F9 /* WalkThroughViewController.h */ = {isa = PBXFileReference; fileEncoding = 4; lastKnownFileType = sourcecode.c.h; path = WalkThroughViewController.h; sourceTree = "<group>"; };
		EBAFA2471C584AD8007E59F9 /* WalkThroughViewController.m */ = {isa = PBXFileReference; fileEncoding = 4; lastKnownFileType = sourcecode.c.objc; path = WalkThroughViewController.m; sourceTree = "<group>"; };
		EBAFA2491C584B95007E59F9 /* SystemStatics.h */ = {isa = PBXFileReference; lastKnownFileType = sourcecode.c.h; path = SystemStatics.h; sourceTree = "<group>"; };
		EBAFA24A1C584BA8007E59F9 /* SystemStatics.m */ = {isa = PBXFileReference; fileEncoding = 4; lastKnownFileType = sourcecode.c.objc; path = SystemStatics.m; sourceTree = "<group>"; };
		EBAFA24C1C585D06007E59F9 /* config.plist */ = {isa = PBXFileReference; fileEncoding = 4; lastKnownFileType = text.plist.xml; path = config.plist; sourceTree = "<group>"; };
/* End PBXFileReference section */

/* Begin PBXFrameworksBuildPhase section */
		EBAFA1EB1C4EECBB007E59F9 /* Frameworks */ = {
			isa = PBXFrameworksBuildPhase;
			buildActionMask = 2147483647;
			files = (
				7FFA0C5F6D8ED6E94590F0AD /* libPods.a in Frameworks */,
			);
			runOnlyForDeploymentPostprocessing = 0;
		};
		EBAFA2041C4EECBB007E59F9 /* Frameworks */ = {
			isa = PBXFrameworksBuildPhase;
			buildActionMask = 2147483647;
			files = (
			);
			runOnlyForDeploymentPostprocessing = 0;
		};
		EBAFA20F1C4EECBB007E59F9 /* Frameworks */ = {
			isa = PBXFrameworksBuildPhase;
			buildActionMask = 2147483647;
			files = (
			);
			runOnlyForDeploymentPostprocessing = 0;
		};
/* End PBXFrameworksBuildPhase section */

/* Begin PBXGroup section */
		1D54D55B00A4271424B30253 /* Pods */ = {
			isa = PBXGroup;
			children = (
				25390650428D711C19ED73B3 /* Pods.debug.xcconfig */,
				3568ABD250035059969E3C90 /* Pods.release.xcconfig */,
			);
			name = Pods;
			sourceTree = "<group>";
		};
		E8870D84661B1FD9537C4681 /* Frameworks */ = {
			isa = PBXGroup;
			children = (
				E47DB16860D8EC79F86AB5DC /* libPods.a */,
			);
			name = Frameworks;
			sourceTree = "<group>";
		};
		EBAFA1E51C4EECBB007E59F9 = {
			isa = PBXGroup;
			children = (
				EBAFA1F01C4EECBB007E59F9 /* PartyShark */,
				EBAFA20A1C4EECBB007E59F9 /* PartySharkTests */,
				EBAFA2151C4EECBB007E59F9 /* PartySharkUITests */,
				EBAFA1EF1C4EECBB007E59F9 /* Products */,
				1D54D55B00A4271424B30253 /* Pods */,
				E8870D84661B1FD9537C4681 /* Frameworks */,
			);
			sourceTree = "<group>";
		};
		EBAFA1EF1C4EECBB007E59F9 /* Products */ = {
			isa = PBXGroup;
			children = (
				EBAFA1EE1C4EECBB007E59F9 /* PartyShark.app */,
				EBAFA2071C4EECBB007E59F9 /* PartySharkTests.xctest */,
				EBAFA2121C4EECBB007E59F9 /* PartySharkUITests.xctest */,
			);
			name = Products;
			sourceTree = "<group>";
		};
		EBAFA1F01C4EECBB007E59F9 /* PartyShark */ = {
			isa = PBXGroup;
			children = (
				EBAFA2241C52BCD4007E59F9 /* Core */,
				EBAFA1F41C4EECBB007E59F9 /* AppDelegate.h */,
				EBAFA1F51C4EECBB007E59F9 /* AppDelegate.m */,
				EBAFA1FA1C4EECBB007E59F9 /* Main.storyboard */,
				EBAFA1FD1C4EECBB007E59F9 /* Assets.xcassets */,
				EBAFA1FF1C4EECBB007E59F9 /* LaunchScreen.storyboard */,
				EBAFA2021C4EECBB007E59F9 /* Info.plist */,
				EBAFA1F11C4EECBB007E59F9 /* Supporting Files */,
			);
			path = PartyShark;
			sourceTree = "<group>";
		};
		EBAFA1F11C4EECBB007E59F9 /* Supporting Files */ = {
			isa = PBXGroup;
			children = (
				EBAFA1F21C4EECBB007E59F9 /* main.m */,
			);
			name = "Supporting Files";
			sourceTree = "<group>";
		};
		EBAFA20A1C4EECBB007E59F9 /* PartySharkTests */ = {
			isa = PBXGroup;
			children = (
				EBAFA20B1C4EECBB007E59F9 /* PartySharkTests.m */,
				EBAFA20D1C4EECBB007E59F9 /* Info.plist */,
			);
			path = PartySharkTests;
			sourceTree = "<group>";
		};
		EBAFA2151C4EECBB007E59F9 /* PartySharkUITests */ = {
			isa = PBXGroup;
			children = (
				EBAFA2161C4EECBB007E59F9 /* PartySharkUITests.m */,
				EBAFA2181C4EECBB007E59F9 /* Info.plist */,
			);
			path = PartySharkUITests;
			sourceTree = "<group>";
		};
		EBAFA2241C52BCD4007E59F9 /* Core */ = {
			isa = PBXGroup;
			children = (
				EBAFA2271C52BCF2007E59F9 /* Presentation */,
				EBAFA2261C52BCEC007E59F9 /* Logic */,
				EBAFA2251C52BCDD007E59F9 /* Data */,
				EBAFA2431C532B82007E59F9 /* Statics */,
			);
			name = Core;
			sourceTree = "<group>";
		};
		EBAFA2251C52BCDD007E59F9 /* Data */ = {
			isa = PBXGroup;
			children = (
				EBAFA23F1C532866007E59F9 /* Models */,
			);
			name = Data;
			sourceTree = "<group>";
		};
		EBAFA2261C52BCEC007E59F9 /* Logic */ = {
			isa = PBXGroup;
			children = (
				EBAFA2291C52BDB0007E59F9 /* Navigation */,
			);
			name = Logic;
			sourceTree = "<group>";
		};
		EBAFA2271C52BCF2007E59F9 /* Presentation */ = {
			isa = PBXGroup;
			children = (
				EBAFA2451C584AB8007E59F9 /* Onboarding */,
				EBAFA2381C530F1D007E59F9 /* Base */,
				EBAFA2341C530E58007E59F9 /* Main */,
				EBAFA22D1C530694007E59F9 /* Settings */,
				EBAFA2281C52BD15007E59F9 /* Navigation */,
			);
			name = Presentation;
			sourceTree = "<group>";
		};
		EBAFA2281C52BD15007E59F9 /* Navigation */ = {
			isa = PBXGroup;
			children = (
				EBAFA23C1C531136007E59F9 /* MainMenuViewController.h */,
				EBAFA23D1C531136007E59F9 /* MainMenuViewController.m */,
			);
			name = Navigation;
			sourceTree = "<group>";
		};
		EBAFA2291C52BDB0007E59F9 /* Navigation */ = {
			isa = PBXGroup;
			children = (
				EBAFA22A1C5305F5007E59F9 /* NavigationManager.h */,
				EBAFA22B1C5305F5007E59F9 /* NavigationManager.m */,
			);
			name = Navigation;
			sourceTree = "<group>";
		};
		EBAFA22D1C530694007E59F9 /* Settings */ = {
			isa = PBXGroup;
			children = (
				EBAFA2311C530AC1007E59F9 /* SettingsViewController.h */,
				EBAFA2321C530AC1007E59F9 /* SettingsViewController.m */,
			);
			name = Settings;
			sourceTree = "<group>";
		};
		EBAFA2341C530E58007E59F9 /* Main */ = {
			isa = PBXGroup;
			children = (
				EBAFA2391C53109F007E59F9 /* MainViewController.h */,
				EBAFA23A1C53109F007E59F9 /* MainViewController.m */,
			);
			name = Main;
			sourceTree = "<group>";
		};
		EBAFA2381C530F1D007E59F9 /* Base */ = {
			isa = PBXGroup;
			children = (
				EBAFA2351C530F12007E59F9 /* BaseViewController.h */,
				EBAFA2361C530F12007E59F9 /* BaseViewController.m */,
			);
			name = Base;
			sourceTree = "<group>";
		};
		EBAFA23F1C532866007E59F9 /* Models */ = {
			isa = PBXGroup;
			children = (
				EBAFA2401C532893007E59F9 /* ConfigManager.h */,
				EBAFA2411C532893007E59F9 /* ConfigManager.m */,
			);
			name = Models;
			sourceTree = "<group>";
		};
		EBAFA2431C532B82007E59F9 /* Statics */ = {
			isa = PBXGroup;
			children = (
				EBAFA2441C532BA3007E59F9 /* NavigationStatics.h */,
				EBAFA2491C584B95007E59F9 /* SystemStatics.h */,
				EBAFA24A1C584BA8007E59F9 /* SystemStatics.m */,
				EBAFA24C1C585D06007E59F9 /* config.plist */,
			);
			name = Statics;
			sourceTree = "<group>";
		};
		EBAFA2451C584AB8007E59F9 /* Onboarding */ = {
			isa = PBXGroup;
			children = (
				EBAFA2461C584AD8007E59F9 /* WalkThroughViewController.h */,
				EBAFA2471C584AD8007E59F9 /* WalkThroughViewController.m */,
			);
			name = Onboarding;
			sourceTree = "<group>";
		};
/* End PBXGroup section */

/* Begin PBXNativeTarget section */
		EBAFA1ED1C4EECBB007E59F9 /* PartyShark */ = {
			isa = PBXNativeTarget;
			buildConfigurationList = EBAFA21B1C4EECBB007E59F9 /* Build configuration list for PBXNativeTarget "PartyShark" */;
			buildPhases = (
				2FCA1B693F04DDD2E945FE90 /* Check Pods Manifest.lock */,
				EBAFA1EA1C4EECBB007E59F9 /* Sources */,
				EBAFA1EB1C4EECBB007E59F9 /* Frameworks */,
				EBAFA1EC1C4EECBB007E59F9 /* Resources */,
				0F20C178DF1D25C4805020BA /* Embed Pods Frameworks */,
				79A8A32E675F650BCEC26894 /* Copy Pods Resources */,
			);
			buildRules = (
			);
			dependencies = (
			);
			name = PartyShark;
			productName = PartyShark;
			productReference = EBAFA1EE1C4EECBB007E59F9 /* PartyShark.app */;
			productType = "com.apple.product-type.application";
		};
		EBAFA2061C4EECBB007E59F9 /* PartySharkTests */ = {
			isa = PBXNativeTarget;
			buildConfigurationList = EBAFA21E1C4EECBB007E59F9 /* Build configuration list for PBXNativeTarget "PartySharkTests" */;
			buildPhases = (
				EBAFA2031C4EECBB007E59F9 /* Sources */,
				EBAFA2041C4EECBB007E59F9 /* Frameworks */,
				EBAFA2051C4EECBB007E59F9 /* Resources */,
			);
			buildRules = (
			);
			dependencies = (
				EBAFA2091C4EECBB007E59F9 /* PBXTargetDependency */,
			);
			name = PartySharkTests;
			productName = PartySharkTests;
			productReference = EBAFA2071C4EECBB007E59F9 /* PartySharkTests.xctest */;
			productType = "com.apple.product-type.bundle.unit-test";
		};
		EBAFA2111C4EECBB007E59F9 /* PartySharkUITests */ = {
			isa = PBXNativeTarget;
			buildConfigurationList = EBAFA2211C4EECBB007E59F9 /* Build configuration list for PBXNativeTarget "PartySharkUITests" */;
			buildPhases = (
				EBAFA20E1C4EECBB007E59F9 /* Sources */,
				EBAFA20F1C4EECBB007E59F9 /* Frameworks */,
				EBAFA2101C4EECBB007E59F9 /* Resources */,
			);
			buildRules = (
			);
			dependencies = (
				EBAFA2141C4EECBB007E59F9 /* PBXTargetDependency */,
			);
			name = PartySharkUITests;
			productName = PartySharkUITests;
			productReference = EBAFA2121C4EECBB007E59F9 /* PartySharkUITests.xctest */;
			productType = "com.apple.product-type.bundle.ui-testing";
		};
/* End PBXNativeTarget section */

/* Begin PBXProject section */
		EBAFA1E61C4EECBB007E59F9 /* Project object */ = {
			isa = PBXProject;
			attributes = {
				LastUpgradeCheck = 0720;
				ORGANIZATIONNAME = "Ri Zhao";
				TargetAttributes = {
					EBAFA1ED1C4EECBB007E59F9 = {
						CreatedOnToolsVersion = 7.2;
					};
					EBAFA2061C4EECBB007E59F9 = {
						CreatedOnToolsVersion = 7.2;
						TestTargetID = EBAFA1ED1C4EECBB007E59F9;
					};
					EBAFA2111C4EECBB007E59F9 = {
						CreatedOnToolsVersion = 7.2;
						TestTargetID = EBAFA1ED1C4EECBB007E59F9;
					};
				};
			};
			buildConfigurationList = EBAFA1E91C4EECBB007E59F9 /* Build configuration list for PBXProject "PartyShark" */;
			compatibilityVersion = "Xcode 3.2";
			developmentRegion = English;
			hasScannedForEncodings = 0;
			knownRegions = (
				en,
				Base,
			);
			mainGroup = EBAFA1E51C4EECBB007E59F9;
			productRefGroup = EBAFA1EF1C4EECBB007E59F9 /* Products */;
			projectDirPath = "";
			projectRoot = "";
			targets = (
				EBAFA1ED1C4EECBB007E59F9 /* PartyShark */,
				EBAFA2061C4EECBB007E59F9 /* PartySharkTests */,
				EBAFA2111C4EECBB007E59F9 /* PartySharkUITests */,
			);
		};
/* End PBXProject section */

/* Begin PBXResourcesBuildPhase section */
		EBAFA1EC1C4EECBB007E59F9 /* Resources */ = {
			isa = PBXResourcesBuildPhase;
			buildActionMask = 2147483647;
			files = (
				EBAFA24D1C585D06007E59F9 /* config.plist in Resources */,
				EBAFA2011C4EECBB007E59F9 /* LaunchScreen.storyboard in Resources */,
				EBAFA1FE1C4EECBB007E59F9 /* Assets.xcassets in Resources */,
				EBAFA1FC1C4EECBB007E59F9 /* Main.storyboard in Resources */,
			);
			runOnlyForDeploymentPostprocessing = 0;
		};
		EBAFA2051C4EECBB007E59F9 /* Resources */ = {
			isa = PBXResourcesBuildPhase;
			buildActionMask = 2147483647;
			files = (
			);
			runOnlyForDeploymentPostprocessing = 0;
		};
		EBAFA2101C4EECBB007E59F9 /* Resources */ = {
			isa = PBXResourcesBuildPhase;
			buildActionMask = 2147483647;
			files = (
			);
			runOnlyForDeploymentPostprocessing = 0;
		};
/* End PBXResourcesBuildPhase section */

/* Begin PBXShellScriptBuildPhase section */
		0F20C178DF1D25C4805020BA /* Embed Pods Frameworks */ = {
			isa = PBXShellScriptBuildPhase;
			buildActionMask = 2147483647;
			files = (
			);
			inputPaths = (
			);
			name = "Embed Pods Frameworks";
			outputPaths = (
			);
			runOnlyForDeploymentPostprocessing = 0;
			shellPath = /bin/sh;
			shellScript = "\"${SRCROOT}/Pods/Target Support Files/Pods/Pods-frameworks.sh\"\n";
			showEnvVarsInLog = 0;
		};
		2FCA1B693F04DDD2E945FE90 /* Check Pods Manifest.lock */ = {
			isa = PBXShellScriptBuildPhase;
			buildActionMask = 2147483647;
			files = (
			);
			inputPaths = (
			);
			name = "Check Pods Manifest.lock";
			outputPaths = (
			);
			runOnlyForDeploymentPostprocessing = 0;
			shellPath = /bin/sh;
			shellScript = "diff \"${PODS_ROOT}/../Podfile.lock\" \"${PODS_ROOT}/Manifest.lock\" > /dev/null\nif [[ $? != 0 ]] ; then\n    cat << EOM\nerror: The sandbox is not in sync with the Podfile.lock. Run 'pod install' or update your CocoaPods installation.\nEOM\n    exit 1\nfi\n";
			showEnvVarsInLog = 0;
		};
		79A8A32E675F650BCEC26894 /* Copy Pods Resources */ = {
			isa = PBXShellScriptBuildPhase;
			buildActionMask = 2147483647;
			files = (
			);
			inputPaths = (
			);
			name = "Copy Pods Resources";
			outputPaths = (
			);
			runOnlyForDeploymentPostprocessing = 0;
			shellPath = /bin/sh;
			shellScript = "\"${SRCROOT}/Pods/Target Support Files/Pods/Pods-resources.sh\"\n";
			showEnvVarsInLog = 0;
		};
/* End PBXShellScriptBuildPhase section */

/* Begin PBXSourcesBuildPhase section */
		EBAFA1EA1C4EECBB007E59F9 /* Sources */ = {
			isa = PBXSourcesBuildPhase;
			buildActionMask = 2147483647;
			files = (
				EBAFA1F61C4EECBB007E59F9 /* AppDelegate.m in Sources */,
				EBAFA23B1C53109F007E59F9 /* MainViewController.m in Sources */,
				EBAFA2371C530F12007E59F9 /* BaseViewController.m in Sources */,
				EBAFA2421C532893007E59F9 /* ConfigManager.m in Sources */,
				EBAFA24B1C584BA8007E59F9 /* SystemStatics.m in Sources */,
				EBAFA22C1C5305F5007E59F9 /* NavigationManager.m in Sources */,
				EBAFA1F31C4EECBB007E59F9 /* main.m in Sources */,
				EBAFA2481C584AD8007E59F9 /* WalkThroughViewController.m in Sources */,
				EBAFA2331C530AC1007E59F9 /* SettingsViewController.m in Sources */,
				EBAFA23E1C531136007E59F9 /* MainMenuViewController.m in Sources */,
			);
			runOnlyForDeploymentPostprocessing = 0;
		};
		EBAFA2031C4EECBB007E59F9 /* Sources */ = {
			isa = PBXSourcesBuildPhase;
			buildActionMask = 2147483647;
			files = (
				EBAFA20C1C4EECBB007E59F9 /* PartySharkTests.m in Sources */,
			);
			runOnlyForDeploymentPostprocessing = 0;
		};
		EBAFA20E1C4EECBB007E59F9 /* Sources */ = {
			isa = PBXSourcesBuildPhase;
			buildActionMask = 2147483647;
			files = (
				EBAFA2171C4EECBB007E59F9 /* PartySharkUITests.m in Sources */,
			);
			runOnlyForDeploymentPostprocessing = 0;
		};
/* End PBXSourcesBuildPhase section */

/* Begin PBXTargetDependency section */
		EBAFA2091C4EECBB007E59F9 /* PBXTargetDependency */ = {
			isa = PBXTargetDependency;
			target = EBAFA1ED1C4EECBB007E59F9 /* PartyShark */;
			targetProxy = EBAFA2081C4EECBB007E59F9 /* PBXContainerItemProxy */;
		};
		EBAFA2141C4EECBB007E59F9 /* PBXTargetDependency */ = {
			isa = PBXTargetDependency;
			target = EBAFA1ED1C4EECBB007E59F9 /* PartyShark */;
			targetProxy = EBAFA2131C4EECBB007E59F9 /* PBXContainerItemProxy */;
		};
/* End PBXTargetDependency section */

/* Begin PBXVariantGroup section */
		EBAFA1FA1C4EECBB007E59F9 /* Main.storyboard */ = {
			isa = PBXVariantGroup;
			children = (
				EBAFA1FB1C4EECBB007E59F9 /* Base */,
			);
			name = Main.storyboard;
			sourceTree = "<group>";
		};
		EBAFA1FF1C4EECBB007E59F9 /* LaunchScreen.storyboard */ = {
			isa = PBXVariantGroup;
			children = (
				EBAFA2001C4EECBB007E59F9 /* Base */,
			);
			name = LaunchScreen.storyboard;
			sourceTree = "<group>";
		};
/* End PBXVariantGroup section */

/* Begin XCBuildConfiguration section */
		EBAFA2191C4EECBB007E59F9 /* Debug */ = {
			isa = XCBuildConfiguration;
			buildSettings = {
				ALWAYS_SEARCH_USER_PATHS = NO;
				CLANG_CXX_LANGUAGE_STANDARD = "gnu++0x";
				CLANG_CXX_LIBRARY = "libc++";
				CLANG_ENABLE_MODULES = YES;
				CLANG_ENABLE_OBJC_ARC = YES;
				CLANG_WARN_BOOL_CONVERSION = YES;
				CLANG_WARN_CONSTANT_CONVERSION = YES;
				CLANG_WARN_DIRECT_OBJC_ISA_USAGE = YES_ERROR;
				CLANG_WARN_EMPTY_BODY = YES;
				CLANG_WARN_ENUM_CONVERSION = YES;
				CLANG_WARN_INT_CONVERSION = YES;
				CLANG_WARN_OBJC_ROOT_CLASS = YES_ERROR;
				CLANG_WARN_UNREACHABLE_CODE = YES;
				CLANG_WARN__DUPLICATE_METHOD_MATCH = YES;
				"CODE_SIGN_IDENTITY[sdk=iphoneos*]" = "iPhone Developer";
				COPY_PHASE_STRIP = NO;
				DEBUG_INFORMATION_FORMAT = dwarf;
				ENABLE_STRICT_OBJC_MSGSEND = YES;
				ENABLE_TESTABILITY = YES;
				GCC_C_LANGUAGE_STANDARD = gnu99;
				GCC_DYNAMIC_NO_PIC = NO;
				GCC_NO_COMMON_BLOCKS = YES;
				GCC_OPTIMIZATION_LEVEL = 0;
				GCC_PREPROCESSOR_DEFINITIONS = (
					"DEBUG=1",
					"$(inherited)",
				);
				GCC_WARN_64_TO_32_BIT_CONVERSION = YES;
				GCC_WARN_ABOUT_RETURN_TYPE = YES_ERROR;
				GCC_WARN_UNDECLARED_SELECTOR = YES;
				GCC_WARN_UNINITIALIZED_AUTOS = YES_AGGRESSIVE;
				GCC_WARN_UNUSED_FUNCTION = YES;
				GCC_WARN_UNUSED_VARIABLE = YES;
				IPHONEOS_DEPLOYMENT_TARGET = 9.2;
				MTL_ENABLE_DEBUG_INFO = YES;
				ONLY_ACTIVE_ARCH = YES;
				SDKROOT = iphoneos;
				TARGETED_DEVICE_FAMILY = "1,2";
			};
			name = Debug;
		};
		EBAFA21A1C4EECBB007E59F9 /* Release */ = {
			isa = XCBuildConfiguration;
			buildSettings = {
				ALWAYS_SEARCH_USER_PATHS = NO;
				CLANG_CXX_LANGUAGE_STANDARD = "gnu++0x";
				CLANG_CXX_LIBRARY = "libc++";
				CLANG_ENABLE_MODULES = YES;
				CLANG_ENABLE_OBJC_ARC = YES;
				CLANG_WARN_BOOL_CONVERSION = YES;
				CLANG_WARN_CONSTANT_CONVERSION = YES;
				CLANG_WARN_DIRECT_OBJC_ISA_USAGE = YES_ERROR;
				CLANG_WARN_EMPTY_BODY = YES;
				CLANG_WARN_ENUM_CONVERSION = YES;
				CLANG_WARN_INT_CONVERSION = YES;
				CLANG_WARN_OBJC_ROOT_CLASS = YES_ERROR;
				CLANG_WARN_UNREACHABLE_CODE = YES;
				CLANG_WARN__DUPLICATE_METHOD_MATCH = YES;
				"CODE_SIGN_IDENTITY[sdk=iphoneos*]" = "iPhone Developer";
				COPY_PHASE_STRIP = NO;
				DEBUG_INFORMATION_FORMAT = "dwarf-with-dsym";
				ENABLE_NS_ASSERTIONS = NO;
				ENABLE_STRICT_OBJC_MSGSEND = YES;
				GCC_C_LANGUAGE_STANDARD = gnu99;
				GCC_NO_COMMON_BLOCKS = YES;
				GCC_WARN_64_TO_32_BIT_CONVERSION = YES;
				GCC_WARN_ABOUT_RETURN_TYPE = YES_ERROR;
				GCC_WARN_UNDECLARED_SELECTOR = YES;
				GCC_WARN_UNINITIALIZED_AUTOS = YES_AGGRESSIVE;
				GCC_WARN_UNUSED_FUNCTION = YES;
				GCC_WARN_UNUSED_VARIABLE = YES;
				IPHONEOS_DEPLOYMENT_TARGET = 9.2;
				MTL_ENABLE_DEBUG_INFO = NO;
				SDKROOT = iphoneos;
				TARGETED_DEVICE_FAMILY = "1,2";
				VALIDATE_PRODUCT = YES;
			};
			name = Release;
		};
		EBAFA21C1C4EECBB007E59F9 /* Debug */ = {
			isa = XCBuildConfiguration;
			baseConfigurationReference = 25390650428D711C19ED73B3 /* Pods.debug.xcconfig */;
			buildSettings = {
				ASSETCATALOG_COMPILER_APPICON_NAME = AppIcon;
				INFOPLIST_FILE = PartyShark/Info.plist;
				LD_RUNPATH_SEARCH_PATHS = "$(inherited) @executable_path/Frameworks";
				PRODUCT_BUNDLE_IDENTIFIER = RiZhao.PartyShark;
				PRODUCT_NAME = "$(TARGET_NAME)";
			};
			name = Debug;
		};
		EBAFA21D1C4EECBB007E59F9 /* Release */ = {
			isa = XCBuildConfiguration;
			baseConfigurationReference = 3568ABD250035059969E3C90 /* Pods.release.xcconfig */;
			buildSettings = {
				ASSETCATALOG_COMPILER_APPICON_NAME = AppIcon;
				INFOPLIST_FILE = PartyShark/Info.plist;
				LD_RUNPATH_SEARCH_PATHS = "$(inherited) @executable_path/Frameworks";
				PRODUCT_BUNDLE_IDENTIFIER = RiZhao.PartyShark;
				PRODUCT_NAME = "$(TARGET_NAME)";
			};
			name = Release;
		};
		EBAFA21F1C4EECBB007E59F9 /* Debug */ = {
			isa = XCBuildConfiguration;
			buildSettings = {
				BUNDLE_LOADER = "$(TEST_HOST)";
				INFOPLIST_FILE = PartySharkTests/Info.plist;
				LD_RUNPATH_SEARCH_PATHS = "$(inherited) @executable_path/Frameworks @loader_path/Frameworks";
				PRODUCT_BUNDLE_IDENTIFIER = RiZhao.PartySharkTests;
				PRODUCT_NAME = "$(TARGET_NAME)";
				TEST_HOST = "$(BUILT_PRODUCTS_DIR)/PartyShark.app/PartyShark";
			};
			name = Debug;
		};
		EBAFA2201C4EECBB007E59F9 /* Release */ = {
			isa = XCBuildConfiguration;
			buildSettings = {
				BUNDLE_LOADER = "$(TEST_HOST)";
				INFOPLIST_FILE = PartySharkTests/Info.plist;
				LD_RUNPATH_SEARCH_PATHS = "$(inherited) @executable_path/Frameworks @loader_path/Frameworks";
				PRODUCT_BUNDLE_IDENTIFIER = RiZhao.PartySharkTests;
				PRODUCT_NAME = "$(TARGET_NAME)";
				TEST_HOST = "$(BUILT_PRODUCTS_DIR)/PartyShark.app/PartyShark";
			};
			name = Release;
		};
		EBAFA2221C4EECBB007E59F9 /* Debug */ = {
			isa = XCBuildConfiguration;
			buildSettings = {
				INFOPLIST_FILE = PartySharkUITests/Info.plist;
				LD_RUNPATH_SEARCH_PATHS = "$(inherited) @executable_path/Frameworks @loader_path/Frameworks";
				PRODUCT_BUNDLE_IDENTIFIER = RiZhao.PartySharkUITests;
				PRODUCT_NAME = "$(TARGET_NAME)";
				TEST_TARGET_NAME = PartyShark;
				USES_XCTRUNNER = YES;
			};
			name = Debug;
		};
		EBAFA2231C4EECBB007E59F9 /* Release */ = {
			isa = XCBuildConfiguration;
			buildSettings = {
				INFOPLIST_FILE = PartySharkUITests/Info.plist;
				LD_RUNPATH_SEARCH_PATHS = "$(inherited) @executable_path/Frameworks @loader_path/Frameworks";
				PRODUCT_BUNDLE_IDENTIFIER = RiZhao.PartySharkUITests;
				PRODUCT_NAME = "$(TARGET_NAME)";
				TEST_TARGET_NAME = PartyShark;
				USES_XCTRUNNER = YES;
			};
			name = Release;
		};
/* End XCBuildConfiguration section */

/* Begin XCConfigurationList section */
		EBAFA1E91C4EECBB007E59F9 /* Build configuration list for PBXProject "PartyShark" */ = {
			isa = XCConfigurationList;
			buildConfigurations = (
				EBAFA2191C4EECBB007E59F9 /* Debug */,
				EBAFA21A1C4EECBB007E59F9 /* Release */,
			);
			defaultConfigurationIsVisible = 0;
			defaultConfigurationName = Release;
		};
		EBAFA21B1C4EECBB007E59F9 /* Build configuration list for PBXNativeTarget "PartyShark" */ = {
			isa = XCConfigurationList;
			buildConfigurations = (
				EBAFA21C1C4EECBB007E59F9 /* Debug */,
				EBAFA21D1C4EECBB007E59F9 /* Release */,
			);
			defaultConfigurationIsVisible = 0;
			defaultConfigurationName = Release;
		};
		EBAFA21E1C4EECBB007E59F9 /* Build configuration list for PBXNativeTarget "PartySharkTests" */ = {
			isa = XCConfigurationList;
			buildConfigurations = (
				EBAFA21F1C4EECBB007E59F9 /* Debug */,
				EBAFA2201C4EECBB007E59F9 /* Release */,
			);
			defaultConfigurationIsVisible = 0;
			defaultConfigurationName = Release;
		};
		EBAFA2211C4EECBB007E59F9 /* Build configuration list for PBXNativeTarget "PartySharkUITests" */ = {
			isa = XCConfigurationList;
			buildConfigurations = (
				EBAFA2221C4EECBB007E59F9 /* Debug */,
				EBAFA2231C4EECBB007E59F9 /* Release */,
			);
			defaultConfigurationIsVisible = 0;
			defaultConfigurationName = Release;
		};
/* End XCConfigurationList section */
	};
	rootObject = EBAFA1E61C4EECBB007E59F9 /* Project object */;
}
